
Microsoft Visual Studio Solution File, Format Version 12.00
# Visual Studio 15
VisualStudioVersion = 15.0.27130.2010
MinimumVisualStudioVersion = 10.0.40219.1
Project("{FAE04EC0-301F-11D3-BF4B-00C04F79EFBC}") = "01. Poke Mon", "01. Poke Mon\01. Poke Mon.csproj", "{C974FD2B-98EE-49E6-A3F2-136A6107B923}"
EndProject
Project("{FAE04EC0-301F-11D3-BF4B-00C04F79EFBC}") = "02. Pokemon Don't Go", "02. Pokemon Don't Go\02. Pokemon Don't Go.csproj", "{314A8B41-5D57-4C53-9B7A-4D9D6DEB29D2}"
EndProject
Project("{FAE04EC0-301F-11D3-BF4B-00C04F79EFBC}") = "03. Regexmon", "03. Regexmon\03. Regexmon.csproj", "{2F48BB1A-3A7C-4156-8030-02CD4B0B48D0}"
EndProject
Project("{FAE04EC0-301F-11D3-BF4B-00C04F79EFBC}") = "04. Pokemon Evolution", "04. Pokemon Evolution\04. Pokemon Evolution.csproj", "{AF8531D9-5F29-402B-A351-EEABFBC1418B}"
EndProject
Global
	GlobalSection(SolutionConfigurationPlatforms) = preSolution
		Debug|Any CPU = Debug|Any CPU
		Release|Any CPU = Release|Any CPU
	EndGlobalSection
	GlobalSection(ProjectConfigurationPlatforms) = postSolution
		{C974FD2B-98EE-49E6-A3F2-136A6107B923}.Debug|Any CPU.ActiveCfg = Debug|Any CPU
		{C974FD2B-98EE-49E6-A3F2-136A6107B923}.Debug|Any CPU.Build.0 = Debug|Any CPU
		{C974FD2B-98EE-49E6-A3F2-136A6107B923}.Release|Any CPU.ActiveCfg = Release|Any CPU
		{C974FD2B-98EE-49E6-A3F2-136A6107B923}.Release|Any CPU.Build.0 = Release|Any CPU
		{314A8B41-5D57-4C53-9B7A-4D9D6DEB29D2}.Debug|Any CPU.ActiveCfg = Debug|Any CPU
		{314A8B41-5D57-4C53-9B7A-4D9D6DEB29D2}.Debug|Any CPU.Build.0 = Debug|Any CPU
		{314A8B41-5D57-4C53-9B7A-4D9D6DEB29D2}.Release|Any CPU.ActiveCfg = Release|Any CPU
		{314A8B41-5D57-4C53-9B7A-4D9D6DEB29D2}.Release|Any CPU.Build.0 = Release|Any CPU
		{2F48BB1A-3A7C-4156-8030-02CD4B0B48D0}.Debug|Any CPU.ActiveCfg = Debug|Any CPU
		{2F48BB1A-3A7C-4156-8030-02CD4B0B48D0}.Debug|Any CPU.Build.0 = Debug|Any CPU
		{2F48BB1A-3A7C-4156-8030-02CD4B0B48D0}.Release|Any CPU.ActiveCfg = Release|Any CPU
		{2F48BB1A-3A7C-4156-8030-02CD4B0B48D0}.Release|Any CPU.Build.0 = Release|Any CPU
		{AF8531D9-5F29-402B-A351-EEABFBC1418B}.Debug|Any CPU.ActiveCfg = Debug|Any CPU
		{AF8531D9-5F29-402B-A351-EEABFBC1418B}.Debug|Any CPU.Build.0 = Debug|Any CPU
		{AF8531D9-5F29-402B-A351-EEABFBC1418B}.Release|Any CPU.ActiveCfg = Release|Any CPU
		{AF8531D9-5F29-402B-A351-EEABFBC1418B}.Release|Any CPU.Build.0 = Release|Any CPU
	EndGlobalSection
	GlobalSection(SolutionProperties) = preSolution
		HideSolutionNode = FALSE
	EndGlobalSection
	GlobalSection(ExtensibilityGlobals) = postSolution
		SolutionGuid = {552191D0-B112-48DC-A26C-40F46D89CF97}
	EndGlobalSection
EndGlobal
