
Microsoft Visual Studio Solution File, Format Version 12.00
# Visual Studio 15
VisualStudioVersion = 15.0.27130.2010
MinimumVisualStudioVersion = 10.0.40219.1
Project("{FAE04EC0-301F-11D3-BF4B-00C04F79EFBC}") = "TodoList", "TodoList\TodoList.csproj", "{7721B330-3223-4EA9-BD36-475C8917FD77}"
EndProject
Project("{FAE04EC0-301F-11D3-BF4B-00C04F79EFBC}") = "IMDB", "..\C# Skeleton IMDB\IMDB\IMDB.csproj", "{4F15573B-A441-435D-A667-ADDA080244B1}"
EndProject
Project("{FAE04EC0-301F-11D3-BF4B-00C04F79EFBC}") = "01. Trainers", "..\Prog. Fund. Ext. Exam - 20 Aug 2017\Progr. Fund. Ext. Exam - 04 Sept 2017\01. Trainers.csproj", "{47D6C4EB-E229-4E74-A1EF-485D2A5C6D29}"
EndProject
Project("{FAE04EC0-301F-11D3-BF4B-00C04F79EFBC}") = "02. Entertrain", "..\Prog. Fund. Ext. Exam - 20 Aug 2017\02. Entertrain\02. Entertrain.csproj", "{B81606FE-BC01-4339-96CE-757B792E6F3C}"
EndProject
Project("{FAE04EC0-301F-11D3-BF4B-00C04F79EFBC}") = "03. Trainegram", "..\Prog. Fund. Ext. Exam - 20 Aug 2017\03. Trainegram\03. Trainegram.csproj", "{2FEFFF2C-EA85-4632-BBEE-94AF071A4921}"
EndProject
Project("{FAE04EC0-301F-11D3-BF4B-00C04F79EFBC}") = "04. Trainlands", "..\Prog. Fund. Ext. Exam - 20 Aug 2017\04. Trainlands\04. Trainlands.csproj", "{1617DABA-0D6E-4F35-83D4-DC3AA7FC5B5C}"
EndProject
Global
	GlobalSection(SolutionConfigurationPlatforms) = preSolution
		Debug|Any CPU = Debug|Any CPU
		Release|Any CPU = Release|Any CPU
	EndGlobalSection
	GlobalSection(ProjectConfigurationPlatforms) = postSolution
		{7721B330-3223-4EA9-BD36-475C8917FD77}.Debug|Any CPU.ActiveCfg = Debug|Any CPU
		{7721B330-3223-4EA9-BD36-475C8917FD77}.Debug|Any CPU.Build.0 = Debug|Any CPU
		{7721B330-3223-4EA9-BD36-475C8917FD77}.Release|Any CPU.ActiveCfg = Release|Any CPU
		{7721B330-3223-4EA9-BD36-475C8917FD77}.Release|Any CPU.Build.0 = Release|Any CPU
		{4F15573B-A441-435D-A667-ADDA080244B1}.Debug|Any CPU.ActiveCfg = Debug|Any CPU
		{4F15573B-A441-435D-A667-ADDA080244B1}.Debug|Any CPU.Build.0 = Debug|Any CPU
		{4F15573B-A441-435D-A667-ADDA080244B1}.Release|Any CPU.ActiveCfg = Release|Any CPU
		{4F15573B-A441-435D-A667-ADDA080244B1}.Release|Any CPU.Build.0 = Release|Any CPU
		{47D6C4EB-E229-4E74-A1EF-485D2A5C6D29}.Debug|Any CPU.ActiveCfg = Debug|Any CPU
		{47D6C4EB-E229-4E74-A1EF-485D2A5C6D29}.Debug|Any CPU.Build.0 = Debug|Any CPU
		{47D6C4EB-E229-4E74-A1EF-485D2A5C6D29}.Release|Any CPU.ActiveCfg = Release|Any CPU
		{47D6C4EB-E229-4E74-A1EF-485D2A5C6D29}.Release|Any CPU.Build.0 = Release|Any CPU
		{B81606FE-BC01-4339-96CE-757B792E6F3C}.Debug|Any CPU.ActiveCfg = Debug|Any CPU
		{B81606FE-BC01-4339-96CE-757B792E6F3C}.Debug|Any CPU.Build.0 = Debug|Any CPU
		{B81606FE-BC01-4339-96CE-757B792E6F3C}.Release|Any CPU.ActiveCfg = Release|Any CPU
		{B81606FE-BC01-4339-96CE-757B792E6F3C}.Release|Any CPU.Build.0 = Release|Any CPU
		{2FEFFF2C-EA85-4632-BBEE-94AF071A4921}.Debug|Any CPU.ActiveCfg = Debug|Any CPU
		{2FEFFF2C-EA85-4632-BBEE-94AF071A4921}.Debug|Any CPU.Build.0 = Debug|Any CPU
		{2FEFFF2C-EA85-4632-BBEE-94AF071A4921}.Release|Any CPU.ActiveCfg = Release|Any CPU
		{2FEFFF2C-EA85-4632-BBEE-94AF071A4921}.Release|Any CPU.Build.0 = Release|Any CPU
		{1617DABA-0D6E-4F35-83D4-DC3AA7FC5B5C}.Debug|Any CPU.ActiveCfg = Debug|Any CPU
		{1617DABA-0D6E-4F35-83D4-DC3AA7FC5B5C}.Debug|Any CPU.Build.0 = Debug|Any CPU
		{1617DABA-0D6E-4F35-83D4-DC3AA7FC5B5C}.Release|Any CPU.ActiveCfg = Release|Any CPU
		{1617DABA-0D6E-4F35-83D4-DC3AA7FC5B5C}.Release|Any CPU.Build.0 = Release|Any CPU
	EndGlobalSection
	GlobalSection(SolutionProperties) = preSolution
		HideSolutionNode = FALSE
	EndGlobalSection
	GlobalSection(ExtensibilityGlobals) = postSolution
		SolutionGuid = {A7A21F48-8632-44C8-9029-7BB7C1A67A79}
	EndGlobalSection
EndGlobal
